{
  "name": "wasm-demo",
  "version": "0.0.0",
  "lockfileVersion": 2,
  "requires": true,
  "packages": {
    "": {
      "name": "wasm-demo",
      "version": "0.0.0",
      "dependencies": {
        "wasm-image-editor": "file:../Documents/wasm-image-editor/pkg"
      },
      "devDependencies": {
        "vite": "^4.1.0",
        "vite-plugin-top-level-await": "^1.3.0",
        "vite-plugin-wasm": "^3.2.2",
        "vite-plugin-wasm-pack": "^0.1.12"
      }
    },
    "../Documents/vite-plugin-wasm-pack": {
      "version": "0.1.12",
      "extraneous": true,
      "license": "MIT",
      "dependencies": {
        "chalk": "^4.1.2",
        "fs-extra": "^10.0.0",
        "narrowing": "^1.4.0"
      },
      "devDependencies": {
        "@tsconfig/node12": "^1.0.9",
        "@types/fs-extra": "^9.0.13",
        "@types/node": "^12.0.0",
        "prettier": "^2.4.1",
        "typescript": "^4.4.4",
        "vite": "2.6.14"
      }
    },
    "../Documents/wasm-image-editor/pkg": {
      "name": "wasm-image-editor",
      "version": "0.1.0"
    },
    "node_modules/@esbuild/darwin-arm64": {
      "version": "0.17.18",
      "cpu": [
        "arm64"
      ],
      "dev": true,
      "license": "MIT",
      "optional": true,
      "os": [
        "darwin"
      ],
      "engines": {
        "node": ">=12"
      }
    },
    "node_modules/@rollup/plugin-virtual": {
      "version": "3.0.1",
      "resolved": "https://registry.npmjs.org/@rollup/plugin-virtual/-/plugin-virtual-3.0.1.tgz",
      "integrity": "sha512-fK8O0IL5+q+GrsMLuACVNk2x21g3yaw+sG2qn16SnUd3IlBsQyvWxLMGHmCmXRMecPjGRSZ/1LmZB4rjQm68og==",
      "dev": true,
      "engines": {
        "node": ">=14.0.0"
      },
      "peerDependencies": {
        "rollup": "^1.20.0||^2.0.0||^3.0.0"
      },
      "peerDependenciesMeta": {
        "rollup": {
          "optional": true
        }
      }
    },
    "node_modules/@swc/core": {
      "version": "1.3.53",
      "resolved": "https://registry.npmjs.org/@swc/core/-/core-1.3.53.tgz",
      "integrity": "sha512-OM5nCfKDZXr1HjxD072Jlx5463tPX7xeY7NDSRE3X4KFlkRDFdyMWAyV3pet1oouOfUNrzzoVTAR4XSU8ytO6Q==",
      "dev": true,
      "hasInstallScript": true,
      "engines": {
        "node": ">=10"
      },
      "funding": {
        "type": "opencollective",
        "url": "https://opencollective.com/swc"
      },
      "optionalDependencies": {
        "@swc/core-darwin-arm64": "1.3.53",
        "@swc/core-darwin-x64": "1.3.53",
        "@swc/core-linux-arm-gnueabihf": "1.3.53",
        "@swc/core-linux-arm64-gnu": "1.3.53",
        "@swc/core-linux-arm64-musl": "1.3.53",
        "@swc/core-linux-x64-gnu": "1.3.53",
        "@swc/core-linux-x64-musl": "1.3.53",
        "@swc/core-win32-arm64-msvc": "1.3.53",
        "@swc/core-win32-ia32-msvc": "1.3.53",
        "@swc/core-win32-x64-msvc": "1.3.53"
      },
      "peerDependencies": {
        "@swc/helpers": "^0.5.0"
      },
      "peerDependenciesMeta": {
        "@swc/helpers": {
          "optional": true
        }
      }
    },
    "node_modules/@swc/core-darwin-arm64": {
      "version": "1.3.53",
      "resolved": "https://registry.npmjs.org/@swc/core-darwin-arm64/-/core-darwin-arm64-1.3.53.tgz",
      "integrity": "sha512-JvWwV/duzdQ60iwWYceDhDk75LmdrLoPC7myX3Src3gl/bJtETMq7uHS9uY8m0GQOqbct7XGR3q5Ff21YxkSzg==",
      "cpu": [
        "arm64"
      ],
      "dev": true,
      "optional": true,
      "os": [
        "darwin"
      ],
      "engines": {
        "node": ">=10"
      }
    },
    "node_modules/@swc/core-darwin-x64": {
      "version": "1.3.53",
      "resolved": "https://registry.npmjs.org/@swc/core-darwin-x64/-/core-darwin-x64-1.3.53.tgz",
      "integrity": "sha512-UuIGZtCfUPJM2Q01bRIFzmucOMg8UZ+mY3kh5xB8kl/VrLltBlraSWGjjJzYmUeUxiF8+CtMfeSYav5QfU2v3g==",
      "cpu": [
        "x64"
      ],
      "dev": true,
      "optional": true,
      "os": [
        "darwin"
      ],
      "engines": {
        "node": ">=10"
      }
    },
    "node_modules/@swc/core-linux-arm-gnueabihf": {
      "version": "1.3.53",
      "resolved": "https://registry.npmjs.org/@swc/core-linux-arm-gnueabihf/-/core-linux-arm-gnueabihf-1.3.53.tgz",
      "integrity": "sha512-LupAjTErteyLmowYIfiQeTz3uVh7/SPYv/EuG1PYrajNoUYomt7WA0rQUoyglF9VtwVyNqxptWEO5So32ApTHA==",
      "cpu": [
        "arm"
      ],
      "dev": true,
      "optional": true,
      "os": [
        "linux"
      ],
      "engines": {
        "node": ">=10"
      }
    },
    "node_modules/@swc/core-linux-arm64-gnu": {
      "version": "1.3.53",
      "resolved": "https://registry.npmjs.org/@swc/core-linux-arm64-gnu/-/core-linux-arm64-gnu-1.3.53.tgz",
      "integrity": "sha512-kREfZdiJH/O8GtJJ22wVN9DVzz/+CPAkw5Mn5te2KQg0xJHMWaESU5XeYMWvtwyOQVmb31b6zCGFy3pnBWWfGw==",
      "cpu": [
        "arm64"
      ],
      "dev": true,
      "optional": true,
      "os": [
        "linux"
      ],
      "engines": {
        "node": ">=10"
      }
    },
    "node_modules/@swc/core-linux-arm64-musl": {
      "version": "1.3.53",
      "resolved": "https://registry.npmjs.org/@swc/core-linux-arm64-musl/-/core-linux-arm64-musl-1.3.53.tgz",
      "integrity": "sha512-VeAgomBr6BVuBRjZjRHmvp5gKp1nZgbbd441ca1AvsPd2c+ZyhyHLxTWeHOzBDa/vYnmi9BCwx3QJzFqbAFPVw==",
      "cpu": [
        "arm64"
      ],
      "dev": true,
      "optional": true,
      "os": [
        "linux"
      ],
      "engines": {
        "node": ">=10"
      }
    },
    "node_modules/@swc/core-linux-x64-gnu": {
      "version": "1.3.53",
      "resolved": "https://registry.npmjs.org/@swc/core-linux-x64-gnu/-/core-linux-x64-gnu-1.3.53.tgz",
      "integrity": "sha512-LFX5+QpQkESPkmx860C40pIiYf1utEqoA+WDtmKnUz3DucYvw3eGlXCBdyklP7UBWwJktKIcPlIqr7yROY5VlQ==",
      "cpu": [
        "x64"
      ],
      "dev": true,
      "optional": true,
      "os": [
        "linux"
      ],
      "engines": {
        "node": ">=10"
      }
    },
    "node_modules/@swc/core-linux-x64-musl": {
      "version": "1.3.53",
      "resolved": "https://registry.npmjs.org/@swc/core-linux-x64-musl/-/core-linux-x64-musl-1.3.53.tgz",
      "integrity": "sha512-O0lbJgeaM0VEsG8wFYvpF+Iuf0IENv+LnXHoygkAsv67sVW54+gFxav2sEdkftD5qYe9ku4tmtTVYRZlFgC84Q==",
      "cpu": [
        "x64"
      ],
      "dev": true,
      "optional": true,
      "os": [
        "linux"
      ],
      "engines": {
        "node": ">=10"
      }
    },
    "node_modules/@swc/core-win32-arm64-msvc": {
      "version": "1.3.53",
      "resolved": "https://registry.npmjs.org/@swc/core-win32-arm64-msvc/-/core-win32-arm64-msvc-1.3.53.tgz",
      "integrity": "sha512-7PgvPl0aNLaFZSK+rIi4DB1g0aW2qOsTIJQSJGRszsCP8pze/traXymyuSG2I3y9Hx7Z+bP5ycJydyAgCw88WA==",
      "cpu": [
        "arm64"
      ],
      "dev": true,
      "optional": true,
      "os": [
        "win32"
      ],
      "engines": {
        "node": ">=10"
      }
    },
    "node_modules/@swc/core-win32-ia32-msvc": {
      "version": "1.3.53",
      "resolved": "https://registry.npmjs.org/@swc/core-win32-ia32-msvc/-/core-win32-ia32-msvc-1.3.53.tgz",
      "integrity": "sha512-T+OacGm69t8+1mt1sHlwhREiFiFgSeIGL3h11FIs8o2zKnOr5z2H9myzR432X8WuHGVQAOCMvDu53LCMBD0ZzQ==",
      "cpu": [
        "ia32"
      ],
      "dev": true,
      "optional": true,
      "os": [
        "win32"
      ],
      "engines": {
        "node": ">=10"
      }
    },
    "node_modules/@swc/core-win32-x64-msvc": {
      "version": "1.3.53",
      "resolved": "https://registry.npmjs.org/@swc/core-win32-x64-msvc/-/core-win32-x64-msvc-1.3.53.tgz",
      "integrity": "sha512-uV1/GhROJ/SXzj+f+kKcVtR2GuAiggvbqepzZS46+G47okf6229hr2T1fjmiwYyA75w9R3Bj/wil4UhodohOLg==",
      "cpu": [
        "x64"
      ],
      "dev": true,
      "optional": true,
      "os": [
        "win32"
      ],
      "engines": {
        "node": ">=10"
      }
    },
    "node_modules/ansi-styles": {
      "version": "4.3.0",
      "resolved": "https://registry.npmjs.org/ansi-styles/-/ansi-styles-4.3.0.tgz",
      "integrity": "sha512-zbB9rCJAT1rbjiVDb2hqKFHNYLxgtk8NURxZ3IZwD3F6NtxbXZQCnnSi1Lkx+IDohdPlFp222wVALIheZJQSEg==",
      "dev": true,
      "dependencies": {
        "color-convert": "^2.0.1"
      },
      "engines": {
        "node": ">=8"
      },
      "funding": {
        "url": "https://github.com/chalk/ansi-styles?sponsor=1"
      }
    },
    "node_modules/chalk": {
      "version": "4.1.2",
      "resolved": "https://registry.npmjs.org/chalk/-/chalk-4.1.2.tgz",
      "integrity": "sha512-oKnbhFyRIXpUuez8iBMmyEa4nbj4IOQyuhc/wy9kY7/WVPcwIO9VA668Pu8RkO7+0G76SLROeyw9CpQ061i4mA==",
      "dev": true,
      "dependencies": {
        "ansi-styles": "^4.1.0",
        "supports-color": "^7.1.0"
      },
      "engines": {
        "node": ">=10"
      },
      "funding": {
        "url": "https://github.com/chalk/chalk?sponsor=1"
      }
    },
    "node_modules/color-convert": {
      "version": "2.0.1",
      "resolved": "https://registry.npmjs.org/color-convert/-/color-convert-2.0.1.tgz",
      "integrity": "sha512-RRECPsj7iu/xb5oKYcsFHSppFNnsj/52OVTRKb4zP5onXwVF3zVmmToNcOfGC+CRDpfK/U584fMg38ZHCaElKQ==",
      "dev": true,
      "dependencies": {
        "color-name": "~1.1.4"
      },
      "engines": {
        "node": ">=7.0.0"
      }
    },
    "node_modules/color-name": {
      "version": "1.1.4",
      "resolved": "https://registry.npmjs.org/color-name/-/color-name-1.1.4.tgz",
      "integrity": "sha512-dOy+3AuW3a2wNbZHIuMZpTcgjGuLU/uBL/ubcZF9OXbDo8ff4O8yVp5Bf0efS8uEoYo5q4Fx7dY9OgQGXgAsQA==",
      "dev": true
    },
    "node_modules/esbuild": {
      "version": "0.17.18",
      "dev": true,
      "hasInstallScript": true,
      "license": "MIT",
      "bin": {
        "esbuild": "bin/esbuild"
      },
      "engines": {
        "node": ">=12"
      },
      "optionalDependencies": {
        "@esbuild/android-arm": "0.17.18",
        "@esbuild/android-arm64": "0.17.18",
        "@esbuild/android-x64": "0.17.18",
        "@esbuild/darwin-arm64": "0.17.18",
        "@esbuild/darwin-x64": "0.17.18",
        "@esbuild/freebsd-arm64": "0.17.18",
        "@esbuild/freebsd-x64": "0.17.18",
        "@esbuild/linux-arm": "0.17.18",
        "@esbuild/linux-arm64": "0.17.18",
        "@esbuild/linux-ia32": "0.17.18",
        "@esbuild/linux-loong64": "0.17.18",
        "@esbuild/linux-mips64el": "0.17.18",
        "@esbuild/linux-ppc64": "0.17.18",
        "@esbuild/linux-riscv64": "0.17.18",
        "@esbuild/linux-s390x": "0.17.18",
        "@esbuild/linux-x64": "0.17.18",
        "@esbuild/netbsd-x64": "0.17.18",
        "@esbuild/openbsd-x64": "0.17.18",
        "@esbuild/sunos-x64": "0.17.18",
        "@esbuild/win32-arm64": "0.17.18",
        "@esbuild/win32-ia32": "0.17.18",
        "@esbuild/win32-x64": "0.17.18"
      }
    },
    "node_modules/fs-extra": {
      "version": "10.1.0",
      "resolved": "https://registry.npmjs.org/fs-extra/-/fs-extra-10.1.0.tgz",
      "integrity": "sha512-oRXApq54ETRj4eMiFzGnHWGy+zo5raudjuxN0b8H7s/RU2oW0Wvsx9O0ACRN/kRq9E8Vu/ReskGB5o3ji+FzHQ==",
      "dev": true,
      "dependencies": {
        "graceful-fs": "^4.2.0",
        "jsonfile": "^6.0.1",
        "universalify": "^2.0.0"
      },
      "engines": {
        "node": ">=12"
      }
    },
    "node_modules/fsevents": {
      "version": "2.3.2",
      "dev": true,
      "license": "MIT",
      "optional": true,
      "os": [
        "darwin"
      ],
      "engines": {
        "node": "^8.16.0 || ^10.6.0 || >=11.0.0"
      }
    },
    "node_modules/graceful-fs": {
      "version": "4.2.11",
      "resolved": "https://registry.npmjs.org/graceful-fs/-/graceful-fs-4.2.11.tgz",
      "integrity": "sha512-RbJ5/jmFcNNCcDV5o9eTnBLJ/HszWV0P73bc+Ff4nS/rJj+YaS6IGyiOL0VoBYX+l1Wrl3k63h/KrH+nhJ0XvQ==",
      "dev": true
    },
    "node_modules/has-flag": {
      "version": "4.0.0",
      "resolved": "https://registry.npmjs.org/has-flag/-/has-flag-4.0.0.tgz",
      "integrity": "sha512-EykJT/Q1KjTWctppgIAgfSO0tKVuZUjhgMr17kqTumMl6Afv3EISleU7qZUzoXDFTAHTDC4NOoG/ZxU3EvlMPQ==",
      "dev": true,
      "engines": {
        "node": ">=8"
      }
    },
    "node_modules/jsonfile": {
      "version": "6.1.0",
      "resolved": "https://registry.npmjs.org/jsonfile/-/jsonfile-6.1.0.tgz",
      "integrity": "sha512-5dgndWOriYSm5cnYaJNhalLNDKOqFwyDB/rr1E9ZsGciGvKPs8R2xYGCacuf3z6K1YKDz182fd+fY3cn3pMqXQ==",
      "dev": true,
      "dependencies": {
        "universalify": "^2.0.0"
      },
      "optionalDependencies": {
        "graceful-fs": "^4.1.6"
      }
    },
    "node_modules/nanoid": {
      "version": "3.3.6",
      "dev": true,
      "funding": [
        {
          "type": "github",
          "url": "https://github.com/sponsors/ai"
        }
      ],
      "license": "MIT",
      "bin": {
        "nanoid": "bin/nanoid.cjs"
      },
      "engines": {
        "node": "^10 || ^12 || ^13.7 || ^14 || >=15.0.1"
      }
    },
    "node_modules/narrowing": {
      "version": "1.5.0",
      "resolved": "https://registry.npmjs.org/narrowing/-/narrowing-1.5.0.tgz",
      "integrity": "sha512-DUu4XdKgkfAPTAL28k79pdnshDE2W5T24QAnidSPo2F/W1TX6CjNzmEeXQfE5O1lxQvC0GYI6ZRDsLcyzugEYA==",
      "dev": true
    },
    "node_modules/picocolors": {
      "version": "1.0.0",
      "dev": true,
      "license": "ISC"
    },
    "node_modules/postcss": {
      "version": "8.4.23",
      "dev": true,
      "funding": [
        {
          "type": "opencollective",
          "url": "https://opencollective.com/postcss/"
        },
        {
          "type": "tidelift",
          "url": "https://tidelift.com/funding/github/npm/postcss"
        },
        {
          "type": "github",
          "url": "https://github.com/sponsors/ai"
        }
      ],
      "license": "MIT",
      "dependencies": {
        "nanoid": "^3.3.6",
        "picocolors": "^1.0.0",
        "source-map-js": "^1.0.2"
      },
      "engines": {
        "node": "^10 || ^12 || >=14"
      }
    },
    "node_modules/rollup": {
      "version": "3.21.0",
      "dev": true,
      "license": "MIT",
      "bin": {
        "rollup": "dist/bin/rollup"
      },
      "engines": {
        "node": ">=14.18.0",
        "npm": ">=8.0.0"
      },
      "optionalDependencies": {
        "fsevents": "~2.3.2"
      }
    },
    "node_modules/source-map-js": {
      "version": "1.0.2",
      "dev": true,
      "license": "BSD-3-Clause",
      "engines": {
        "node": ">=0.10.0"
      }
    },
    "node_modules/supports-color": {
      "version": "7.2.0",
      "resolved": "https://registry.npmjs.org/supports-color/-/supports-color-7.2.0.tgz",
      "integrity": "sha512-qpCAvRl9stuOHveKsn7HncJRvv501qIacKzQlO/+Lwxc9+0q2wLyv4Dfvt80/DPn2pqOBsJdDiogXGR9+OvwRw==",
      "dev": true,
      "dependencies": {
        "has-flag": "^4.0.0"
      },
      "engines": {
        "node": ">=8"
      }
    },
    "node_modules/universalify": {
      "version": "2.0.0",
      "resolved": "https://registry.npmjs.org/universalify/-/universalify-2.0.0.tgz",
      "integrity": "sha512-hAZsKq7Yy11Zu1DE0OzWjw7nnLZmJZYTDZZyEFHZdUhV8FkH5MCfoU1XMaxXovpyW5nq5scPqq0ZDP9Zyl04oQ==",
      "dev": true,
      "engines": {
        "node": ">= 10.0.0"
      }
    },
    "node_modules/uuid": {
      "version": "9.0.0",
      "resolved": "https://registry.npmjs.org/uuid/-/uuid-9.0.0.tgz",
      "integrity": "sha512-MXcSTerfPa4uqyzStbRoTgt5XIe3x5+42+q1sDuy3R5MDk66URdLMOZe5aPX/SQd+kuYAh0FdP/pO28IkQyTeg==",
      "dev": true,
      "bin": {
        "uuid": "dist/bin/uuid"
      }
    },
    "node_modules/vite": {
      "version": "4.3.1",
      "dev": true,
      "license": "MIT",
      "dependencies": {
        "esbuild": "^0.17.5",
        "postcss": "^8.4.21",
        "rollup": "^3.20.2"
      },
      "bin": {
        "vite": "bin/vite.js"
      },
      "engines": {
        "node": "^14.18.0 || >=16.0.0"
      },
      "optionalDependencies": {
        "fsevents": "~2.3.2"
      },
      "peerDependencies": {
        "@types/node": ">= 14",
        "less": "*",
        "sass": "*",
        "stylus": "*",
        "sugarss": "*",
        "terser": "^5.4.0"
      },
      "peerDependenciesMeta": {
        "@types/node": {
          "optional": true
        },
        "less": {
          "optional": true
        },
        "sass": {
          "optional": true
        },
        "stylus": {
          "optional": true
        },
        "sugarss": {
          "optional": true
        },
        "terser": {
          "optional": true
        }
      }
    },
    "node_modules/vite-plugin-top-level-await": {
      "version": "1.3.0",
      "resolved": "https://registry.npmjs.org/vite-plugin-top-level-await/-/vite-plugin-top-level-await-1.3.0.tgz",
      "integrity": "sha512-owIfsgWudMlQODWJSwp0sQB3AZZu3qsMygeBjZy8CyjEk6OB9AGd8lHqmgwrcEqgvy9N58lYxSBLVk3/4ejEiA==",
      "dev": true,
      "dependencies": {
        "@rollup/plugin-virtual": "^3.0.1",
        "@swc/core": "^1.3.10",
        "uuid": "^9.0.0"
      },
      "peerDependencies": {
        "vite": ">=2.8"
      }
    },
    "node_modules/vite-plugin-wasm": {
      "version": "3.2.2",
      "resolved": "https://registry.npmjs.org/vite-plugin-wasm/-/vite-plugin-wasm-3.2.2.tgz",
      "integrity": "sha512-cdbBUNR850AEoMd5nvLmnyeq63CSfoP1ctD/L2vLk/5+wsgAPlAVAzUK5nGKWO/jtehNlrSSHLteN+gFQw7VOA==",
      "dev": true,
      "peerDependencies": {
        "vite": "^2 || ^3 || ^4"
      }
    },
    "node_modules/vite-plugin-wasm-pack": {
      "version": "0.1.12",
      "resolved": "https://registry.npmjs.org/vite-plugin-wasm-pack/-/vite-plugin-wasm-pack-0.1.12.tgz",
      "integrity": "sha512-WliYvQp9HXluir4OKGbngkcKxtYtifU11cqLurRRJGsl770Sjr1iIkp5RuvU3IC1poT4A57Z2/YgAKI2Skm7ZA==",
      "dev": true,
      "dependencies": {
        "chalk": "^4.1.2",
        "fs-extra": "^10.0.0",
        "narrowing": "^1.4.0"
      }
    },
    "node_modules/wasm-image-editor": {
      "resolved": "../Documents/wasm-image-editor/pkg",
      "link": true
    }
  },
  "dependencies": {
    "@esbuild/darwin-arm64": {
      "version": "0.17.18",
      "dev": true,
      "optional": true
    },
    "@rollup/plugin-virtual": {
      "version": "3.0.1",
      "resolved": "https://registry.npmjs.org/@rollup/plugin-virtual/-/plugin-virtual-3.0.1.tgz",
      "integrity": "sha512-fK8O0IL5+q+GrsMLuACVNk2x21g3yaw+sG2qn16SnUd3IlBsQyvWxLMGHmCmXRMecPjGRSZ/1LmZB4rjQm68og==",
      "dev": true,
      "requires": {}
    },
    "@swc/core": {
      "version": "1.3.53",
      "resolved": "https://registry.npmjs.org/@swc/core/-/core-1.3.53.tgz",
      "integrity": "sha512-OM5nCfKDZXr1HjxD072Jlx5463tPX7xeY7NDSRE3X4KFlkRDFdyMWAyV3pet1oouOfUNrzzoVTAR4XSU8ytO6Q==",
      "dev": true,
      "requires": {
        "@swc/core-darwin-arm64": "1.3.53",
        "@swc/core-darwin-x64": "1.3.53",
        "@swc/core-linux-arm-gnueabihf": "1.3.53",
        "@swc/core-linux-arm64-gnu": "1.3.53",
        "@swc/core-linux-arm64-musl": "1.3.53",
        "@swc/core-linux-x64-gnu": "1.3.53",
        "@swc/core-linux-x64-musl": "1.3.53",
        "@swc/core-win32-arm64-msvc": "1.3.53",
        "@swc/core-win32-ia32-msvc": "1.3.53",
        "@swc/core-win32-x64-msvc": "1.3.53"
      }
    },
    "@swc/core-darwin-arm64": {
      "version": "1.3.53",
      "resolved": "https://registry.npmjs.org/@swc/core-darwin-arm64/-/core-darwin-arm64-1.3.53.tgz",
      "integrity": "sha512-JvWwV/duzdQ60iwWYceDhDk75LmdrLoPC7myX3Src3gl/bJtETMq7uHS9uY8m0GQOqbct7XGR3q5Ff21YxkSzg==",
      "dev": true,
      "optional": true
    },
    "@swc/core-darwin-x64": {
      "version": "1.3.53",
      "resolved": "https://registry.npmjs.org/@swc/core-darwin-x64/-/core-darwin-x64-1.3.53.tgz",
      "integrity": "sha512-UuIGZtCfUPJM2Q01bRIFzmucOMg8UZ+mY3kh5xB8kl/VrLltBlraSWGjjJzYmUeUxiF8+CtMfeSYav5QfU2v3g==",
      "dev": true,
      "optional": true
    },
    "@swc/core-linux-arm-gnueabihf": {
      "version": "1.3.53",
      "resolved": "https://registry.npmjs.org/@swc/core-linux-arm-gnueabihf/-/core-linux-arm-gnueabihf-1.3.53.tgz",
      "integrity": "sha512-LupAjTErteyLmowYIfiQeTz3uVh7/SPYv/EuG1PYrajNoUYomt7WA0rQUoyglF9VtwVyNqxptWEO5So32ApTHA==",
      "dev": true,
      "optional": true
    },
    "@swc/core-linux-arm64-gnu": {
      "version": "1.3.53",
      "resolved": "https://registry.npmjs.org/@swc/core-linux-arm64-gnu/-/core-linux-arm64-gnu-1.3.53.tgz",
      "integrity": "sha512-kREfZdiJH/O8GtJJ22wVN9DVzz/+CPAkw5Mn5te2KQg0xJHMWaESU5XeYMWvtwyOQVmb31b6zCGFy3pnBWWfGw==",
      "dev": true,
      "optional": true
    },
    "@swc/core-linux-arm64-musl": {
      "version": "1.3.53",
      "resolved": "https://registry.npmjs.org/@swc/core-linux-arm64-musl/-/core-linux-arm64-musl-1.3.53.tgz",
      "integrity": "sha512-VeAgomBr6BVuBRjZjRHmvp5gKp1nZgbbd441ca1AvsPd2c+ZyhyHLxTWeHOzBDa/vYnmi9BCwx3QJzFqbAFPVw==",
      "dev": true,
      "optional": true
    },
    "@swc/core-linux-x64-gnu": {
      "version": "1.3.53",
      "resolved": "https://registry.npmjs.org/@swc/core-linux-x64-gnu/-/core-linux-x64-gnu-1.3.53.tgz",
      "integrity": "sha512-LFX5+QpQkESPkmx860C40pIiYf1utEqoA+WDtmKnUz3DucYvw3eGlXCBdyklP7UBWwJktKIcPlIqr7yROY5VlQ==",
      "dev": true,
      "optional": true
    },
    "@swc/core-linux-x64-musl": {
      "version": "1.3.53",
      "resolved": "https://registry.npmjs.org/@swc/core-linux-x64-musl/-/core-linux-x64-musl-1.3.53.tgz",
      "integrity": "sha512-O0lbJgeaM0VEsG8wFYvpF+Iuf0IENv+LnXHoygkAsv67sVW54+gFxav2sEdkftD5qYe9ku4tmtTVYRZlFgC84Q==",
      "dev": true,
      "optional": true
    },
    "@swc/core-win32-arm64-msvc": {
      "version": "1.3.53",
      "resolved": "https://registry.npmjs.org/@swc/core-win32-arm64-msvc/-/core-win32-arm64-msvc-1.3.53.tgz",
      "integrity": "sha512-7PgvPl0aNLaFZSK+rIi4DB1g0aW2qOsTIJQSJGRszsCP8pze/traXymyuSG2I3y9Hx7Z+bP5ycJydyAgCw88WA==",
      "dev": true,
      "optional": true
    },
    "@swc/core-win32-ia32-msvc": {
      "version": "1.3.53",
      "resolved": "https://registry.npmjs.org/@swc/core-win32-ia32-msvc/-/core-win32-ia32-msvc-1.3.53.tgz",
      "integrity": "sha512-T+OacGm69t8+1mt1sHlwhREiFiFgSeIGL3h11FIs8o2zKnOr5z2H9myzR432X8WuHGVQAOCMvDu53LCMBD0ZzQ==",
      "dev": true,
      "optional": true
    },
    "@swc/core-win32-x64-msvc": {
      "version": "1.3.53",
      "resolved": "https://registry.npmjs.org/@swc/core-win32-x64-msvc/-/core-win32-x64-msvc-1.3.53.tgz",
      "integrity": "sha512-uV1/GhROJ/SXzj+f+kKcVtR2GuAiggvbqepzZS46+G47okf6229hr2T1fjmiwYyA75w9R3Bj/wil4UhodohOLg==",
      "dev": true,
      "optional": true
    },
    "ansi-styles": {
      "version": "4.3.0",
      "resolved": "https://registry.npmjs.org/ansi-styles/-/ansi-styles-4.3.0.tgz",
      "integrity": "sha512-zbB9rCJAT1rbjiVDb2hqKFHNYLxgtk8NURxZ3IZwD3F6NtxbXZQCnnSi1Lkx+IDohdPlFp222wVALIheZJQSEg==",
      "dev": true,
      "requires": {
        "color-convert": "^2.0.1"
      }
    },
    "chalk": {
      "version": "4.1.2",
      "resolved": "https://registry.npmjs.org/chalk/-/chalk-4.1.2.tgz",
      "integrity": "sha512-oKnbhFyRIXpUuez8iBMmyEa4nbj4IOQyuhc/wy9kY7/WVPcwIO9VA668Pu8RkO7+0G76SLROeyw9CpQ061i4mA==",
      "dev": true,
      "requires": {
        "ansi-styles": "^4.1.0",
        "supports-color": "^7.1.0"
      }
    },
    "color-convert": {
      "version": "2.0.1",
      "resolved": "https://registry.npmjs.org/color-convert/-/color-convert-2.0.1.tgz",
      "integrity": "sha512-RRECPsj7iu/xb5oKYcsFHSppFNnsj/52OVTRKb4zP5onXwVF3zVmmToNcOfGC+CRDpfK/U584fMg38ZHCaElKQ==",
      "dev": true,
      "requires": {
        "color-name": "~1.1.4"
      }
    },
    "color-name": {
      "version": "1.1.4",
      "resolved": "https://registry.npmjs.org/color-name/-/color-name-1.1.4.tgz",
      "integrity": "sha512-dOy+3AuW3a2wNbZHIuMZpTcgjGuLU/uBL/ubcZF9OXbDo8ff4O8yVp5Bf0efS8uEoYo5q4Fx7dY9OgQGXgAsQA==",
      "dev": true
    },
    "esbuild": {
      "version": "0.17.18",
      "dev": true,
      "requires": {
        "@esbuild/android-arm": "0.17.18",
        "@esbuild/android-arm64": "0.17.18",
        "@esbuild/android-x64": "0.17.18",
        "@esbuild/darwin-arm64": "0.17.18",
        "@esbuild/darwin-x64": "0.17.18",
        "@esbuild/freebsd-arm64": "0.17.18",
        "@esbuild/freebsd-x64": "0.17.18",
        "@esbuild/linux-arm": "0.17.18",
        "@esbuild/linux-arm64": "0.17.18",
        "@esbuild/linux-ia32": "0.17.18",
        "@esbuild/linux-loong64": "0.17.18",
        "@esbuild/linux-mips64el": "0.17.18",
        "@esbuild/linux-ppc64": "0.17.18",
        "@esbuild/linux-riscv64": "0.17.18",
        "@esbuild/linux-s390x": "0.17.18",
        "@esbuild/linux-x64": "0.17.18",
        "@esbuild/netbsd-x64": "0.17.18",
        "@esbuild/openbsd-x64": "0.17.18",
        "@esbuild/sunos-x64": "0.17.18",
        "@esbuild/win32-arm64": "0.17.18",
        "@esbuild/win32-ia32": "0.17.18",
        "@esbuild/win32-x64": "0.17.18"
      }
    },
    "fs-extra": {
      "version": "10.1.0",
      "resolved": "https://registry.npmjs.org/fs-extra/-/fs-extra-10.1.0.tgz",
      "integrity": "sha512-oRXApq54ETRj4eMiFzGnHWGy+zo5raudjuxN0b8H7s/RU2oW0Wvsx9O0ACRN/kRq9E8Vu/ReskGB5o3ji+FzHQ==",
      "dev": true,
      "requires": {
        "graceful-fs": "^4.2.0",
        "jsonfile": "^6.0.1",
        "universalify": "^2.0.0"
      }
    },
    "fsevents": {
      "version": "2.3.2",
      "dev": true,
      "optional": true
    },
    "graceful-fs": {
      "version": "4.2.11",
      "resolved": "https://registry.npmjs.org/graceful-fs/-/graceful-fs-4.2.11.tgz",
      "integrity": "sha512-RbJ5/jmFcNNCcDV5o9eTnBLJ/HszWV0P73bc+Ff4nS/rJj+YaS6IGyiOL0VoBYX+l1Wrl3k63h/KrH+nhJ0XvQ==",
      "dev": true
    },
    "has-flag": {
      "version": "4.0.0",
      "resolved": "https://registry.npmjs.org/has-flag/-/has-flag-4.0.0.tgz",
      "integrity": "sha512-EykJT/Q1KjTWctppgIAgfSO0tKVuZUjhgMr17kqTumMl6Afv3EISleU7qZUzoXDFTAHTDC4NOoG/ZxU3EvlMPQ==",
      "dev": true
    },
    "jsonfile": {
      "version": "6.1.0",
      "resolved": "https://registry.npmjs.org/jsonfile/-/jsonfile-6.1.0.tgz",
      "integrity": "sha512-5dgndWOriYSm5cnYaJNhalLNDKOqFwyDB/rr1E9ZsGciGvKPs8R2xYGCacuf3z6K1YKDz182fd+fY3cn3pMqXQ==",
      "dev": true,
      "requires": {
        "graceful-fs": "^4.1.6",
        "universalify": "^2.0.0"
      }
    },
    "nanoid": {
      "version": "3.3.6",
      "dev": true
    },
    "narrowing": {
      "version": "1.5.0",
      "resolved": "https://registry.npmjs.org/narrowing/-/narrowing-1.5.0.tgz",
      "integrity": "sha512-DUu4XdKgkfAPTAL28k79pdnshDE2W5T24QAnidSPo2F/W1TX6CjNzmEeXQfE5O1lxQvC0GYI6ZRDsLcyzugEYA==",
      "dev": true
    },
    "picocolors": {
      "version": "1.0.0",
      "dev": true
    },
    "postcss": {
      "version": "8.4.23",
      "dev": true,
      "requires": {
        "nanoid": "^3.3.6",
        "picocolors": "^1.0.0",
        "source-map-js": "^1.0.2"
      }
    },
    "rollup": {
      "version": "3.21.0",
      "dev": true,
      "requires": {
        "fsevents": "~2.3.2"
      }
    },
    "source-map-js": {
      "version": "1.0.2",
      "dev": true
    },
    "supports-color": {
      "version": "7.2.0",
      "resolved": "https://registry.npmjs.org/supports-color/-/supports-color-7.2.0.tgz",
      "integrity": "sha512-qpCAvRl9stuOHveKsn7HncJRvv501qIacKzQlO/+Lwxc9+0q2wLyv4Dfvt80/DPn2pqOBsJdDiogXGR9+OvwRw==",
      "dev": true,
      "requires": {
        "has-flag": "^4.0.0"
      }
    },
    "universalify": {
      "version": "2.0.0",
      "resolved": "https://registry.npmjs.org/universalify/-/universalify-2.0.0.tgz",
      "integrity": "sha512-hAZsKq7Yy11Zu1DE0OzWjw7nnLZmJZYTDZZyEFHZdUhV8FkH5MCfoU1XMaxXovpyW5nq5scPqq0ZDP9Zyl04oQ==",
      "dev": true
    },
    "uuid": {
      "version": "9.0.0",
      "resolved": "https://registry.npmjs.org/uuid/-/uuid-9.0.0.tgz",
      "integrity": "sha512-MXcSTerfPa4uqyzStbRoTgt5XIe3x5+42+q1sDuy3R5MDk66URdLMOZe5aPX/SQd+kuYAh0FdP/pO28IkQyTeg==",
      "dev": true
    },
    "vite": {
      "version": "4.3.1",
      "dev": true,
      "requires": {
        "esbuild": "^0.17.5",
        "fsevents": "~2.3.2",
        "postcss": "^8.4.21",
        "rollup": "^3.20.2"
      }
    },
    "vite-plugin-top-level-await": {
      "version": "1.3.0",
      "resolved": "https://registry.npmjs.org/vite-plugin-top-level-await/-/vite-plugin-top-level-await-1.3.0.tgz",
      "integrity": "sha512-owIfsgWudMlQODWJSwp0sQB3AZZu3qsMygeBjZy8CyjEk6OB9AGd8lHqmgwrcEqgvy9N58lYxSBLVk3/4ejEiA==",
      "dev": true,
      "requires": {
        "@rollup/plugin-virtual": "^3.0.1",
        "@swc/core": "^1.3.10",
        "uuid": "^9.0.0"
      }
    },
    "vite-plugin-wasm": {
      "version": "3.2.2",
      "resolved": "https://registry.npmjs.org/vite-plugin-wasm/-/vite-plugin-wasm-3.2.2.tgz",
      "integrity": "sha512-cdbBUNR850AEoMd5nvLmnyeq63CSfoP1ctD/L2vLk/5+wsgAPlAVAzUK5nGKWO/jtehNlrSSHLteN+gFQw7VOA==",
      "dev": true,
      "requires": {}
    },
    "vite-plugin-wasm-pack": {
      "version": "0.1.12",
      "resolved": "https://registry.npmjs.org/vite-plugin-wasm-pack/-/vite-plugin-wasm-pack-0.1.12.tgz",
      "integrity": "sha512-WliYvQp9HXluir4OKGbngkcKxtYtifU11cqLurRRJGsl770Sjr1iIkp5RuvU3IC1poT4A57Z2/YgAKI2Skm7ZA==",
      "dev": true,
      "requires": {
        "chalk": "^4.1.2",
        "fs-extra": "^10.0.0",
        "narrowing": "^1.4.0"
      }
    },
    "wasm-image-editor": {
      "version": "file:../Documents/wasm-image-editor/pkg"
    }
  }
}
